// !$*UTF8*$!
{
	archiveVersion = 1;
	classes = {
	};
	objectVersion = 56;
	objects = {

/* Begin PBXBuildFile section */
		5774E6D8298801900016378B /* Details.swift in Sources */ = {isa = PBXBuildFile; fileRef = 5774E6D7298801900016378B /* Details.swift */; };
		5798FA5C29870EE90093AF80 /* Little_Lemon_AppApp.swift in Sources */ = {isa = PBXBuildFile; fileRef = 5798FA5B29870EE90093AF80 /* Little_Lemon_AppApp.swift */; };
		5798FA6029870EEB0093AF80 /* Assets.xcassets in Resources */ = {isa = PBXBuildFile; fileRef = 5798FA5F29870EEB0093AF80 /* Assets.xcassets */; };
		5798FA6329870EEB0093AF80 /* Preview Assets.xcassets in Resources */ = {isa = PBXBuildFile; fileRef = 5798FA6229870EEB0093AF80 /* Preview Assets.xcassets */; };
		5798FA6A29870F200093AF80 /* Onboarding.swift in Sources */ = {isa = PBXBuildFile; fileRef = 5798FA6929870F200093AF80 /* Onboarding.swift */; };
		5798FA6C29870F3B0093AF80 /* UserProfile.swift in Sources */ = {isa = PBXBuildFile; fileRef = 5798FA6B29870F3B0093AF80 /* UserProfile.swift */; };
		5798FA6E29870F530093AF80 /* Home.swift in Sources */ = {isa = PBXBuildFile; fileRef = 5798FA6D29870F530093AF80 /* Home.swift */; };
		5798FA7029870F600093AF80 /* Menu.swift in Sources */ = {isa = PBXBuildFile; fileRef = 5798FA6F29870F600093AF80 /* Menu.swift */; };
		5798FA732987C7B60093AF80 /* FetchedObjects.swift in Sources */ = {isa = PBXBuildFile; fileRef = 5798FA712987C7B50093AF80 /* FetchedObjects.swift */; };
		5798FA742987C7B60093AF80 /* Persistence.swift in Sources */ = {isa = PBXBuildFile; fileRef = 5798FA722987C7B60093AF80 /* Persistence.swift */; };
		5798FA7A2987C98E0093AF80 /* MenuList.swift in Sources */ = {isa = PBXBuildFile; fileRef = 5798FA792987C98E0093AF80 /* MenuList.swift */; };
		5798FA7C2987C9980093AF80 /* MenuItem.swift in Sources */ = {isa = PBXBuildFile; fileRef = 5798FA7B2987C9980093AF80 /* MenuItem.swift */; };
		5798FA7F2987D7A70093AF80 /* ExampleDatabase.xcdatamodeld in Sources */ = {isa = PBXBuildFile; fileRef = 5798FA7D2987D7A70093AF80 /* ExampleDatabase.xcdatamodeld */; };
/* End PBXBuildFile section */

/* Begin PBXFileReference section */
		5774E6D7298801900016378B /* Details.swift */ = {isa = PBXFileReference; lastKnownFileType = sourcecode.swift; path = Details.swift; sourceTree = "<group>"; };
		5798FA5829870EE90093AF80 /* Little Lemon App.app */ = {isa = PBXFileReference; explicitFileType = wrapper.application; includeInIndex = 0; path = "Little Lemon App.app"; sourceTree = BUILT_PRODUCTS_DIR; };
		5798FA5B29870EE90093AF80 /* Little_Lemon_AppApp.swift */ = {isa = PBXFileReference; lastKnownFileType = sourcecode.swift; path = Little_Lemon_AppApp.swift; sourceTree = "<group>"; };
		5798FA5F29870EEB0093AF80 /* Assets.xcassets */ = {isa = PBXFileReference; lastKnownFileType = folder.assetcatalog; path = Assets.xcassets; sourceTree = "<group>"; };
		5798FA6229870EEB0093AF80 /* Preview Assets.xcassets */ = {isa = PBXFileReference; lastKnownFileType = folder.assetcatalog; path = "Preview Assets.xcassets"; sourceTree = "<group>"; };
		5798FA6929870F200093AF80 /* Onboarding.swift */ = {isa = PBXFileReference; lastKnownFileType = sourcecode.swift; path = Onboarding.swift; sourceTree = "<group>"; };
		5798FA6B29870F3B0093AF80 /* UserProfile.swift */ = {isa = PBXFileReference; lastKnownFileType = sourcecode.swift; path = UserProfile.swift; sourceTree = "<group>"; };
		5798FA6D29870F530093AF80 /* Home.swift */ = {isa = PBXFileReference; lastKnownFileType = sourcecode.swift; path = Home.swift; sourceTree = "<group>"; };
		5798FA6F29870F600093AF80 /* Menu.swift */ = {isa = PBXFileReference; lastKnownFileType = sourcecode.swift; path = Menu.swift; sourceTree = "<group>"; };
		5798FA712987C7B50093AF80 /* FetchedObjects.swift */ = {isa = PBXFileReference; fileEncoding = 4; lastKnownFileType = sourcecode.swift; path = FetchedObjects.swift; sourceTree = "<group>"; };
		5798FA722987C7B60093AF80 /* Persistence.swift */ = {isa = PBXFileReference; fileEncoding = 4; lastKnownFileType = sourcecode.swift; path = Persistence.swift; sourceTree = "<group>"; };
		5798FA792987C98E0093AF80 /* MenuList.swift */ = {isa = PBXFileReference; lastKnownFileType = sourcecode.swift; path = MenuList.swift; sourceTree = "<group>"; };
		5798FA7B2987C9980093AF80 /* MenuItem.swift */ = {isa = PBXFileReference; lastKnownFileType = sourcecode.swift; path = MenuItem.swift; sourceTree = "<group>"; };
		5798FA7E2987D7A70093AF80 /* ExampleDatabase.xcdatamodel */ = {isa = PBXFileReference; lastKnownFileType = wrapper.xcdatamodel; path = ExampleDatabase.xcdatamodel; sourceTree = "<group>"; };
/* End PBXFileReference section */

/* Begin PBXFrameworksBuildPhase section */
		5798FA5529870EE90093AF80 /* Frameworks */ = {
			isa = PBXFrameworksBuildPhase;
			buildActionMask = 2147483647;
			files = (
			);
			runOnlyForDeploymentPostprocessing = 0;
		};
/* End PBXFrameworksBuildPhase section */

/* Begin PBXGroup section */
		5798FA4F29870EE90093AF80 = {
			isa = PBXGroup;
			children = (
				5798FA5A29870EE90093AF80 /* Little Lemon App */,
				5798FA5929870EE90093AF80 /* Products */,
			);
			sourceTree = "<group>";
		};
		5798FA5929870EE90093AF80 /* Products */ = {
			isa = PBXGroup;
			children = (
				5798FA5829870EE90093AF80 /* Little Lemon App.app */,
			);
			name = Products;
			sourceTree = "<group>";
		};
		5798FA5A29870EE90093AF80 /* Little Lemon App */ = {
			isa = PBXGroup;
			children = (
				5798FA5B29870EE90093AF80 /* Little_Lemon_AppApp.swift */,
				5798FA6929870F200093AF80 /* Onboarding.swift */,
				5798FA6D29870F530093AF80 /* Home.swift */,
				5798FA6B29870F3B0093AF80 /* UserProfile.swift */,
				5798FA6F29870F600093AF80 /* Menu.swift */,
				5774E6D7298801900016378B /* Details.swift */,
				5798FA762987C93C0093AF80 /* Network */,
				5798FA752987C92B0093AF80 /* CoreData */,
				5798FA5F29870EEB0093AF80 /* Assets.xcassets */,
				5798FA6129870EEB0093AF80 /* Preview Content */,
			);
			path = "Little Lemon App";
			sourceTree = "<group>";
		};
		5798FA6129870EEB0093AF80 /* Preview Content */ = {
			isa = PBXGroup;
			children = (
				5798FA6229870EEB0093AF80 /* Preview Assets.xcassets */,
			);
			path = "Preview Content";
			sourceTree = "<group>";
		};
		5798FA752987C92B0093AF80 /* CoreData */ = {
			isa = PBXGroup;
			children = (
				5798FA712987C7B50093AF80 /* FetchedObjects.swift */,
				5798FA722987C7B60093AF80 /* Persistence.swift */,
				5798FA7D2987D7A70093AF80 /* ExampleDatabase.xcdatamodeld */,
			);
			path = CoreData;
			sourceTree = "<group>";
		};
		5798FA762987C93C0093AF80 /* Network */ = {
			isa = PBXGroup;
			children = (
				5798FA792987C98E0093AF80 /* MenuList.swift */,
				5798FA7B2987C9980093AF80 /* MenuItem.swift */,
			);
			path = Network;
			sourceTree = "<group>";
		};
/* End PBXGroup section */

/* Begin PBXNativeTarget section */
		5798FA5729870EE90093AF80 /* Little Lemon App */ = {
			isa = PBXNativeTarget;
			buildConfigurationList = 5798FA6629870EEB0093AF80 /* Build configuration list for PBXNativeTarget "Little Lemon App" */;
			buildPhases = (
				5798FA5429870EE90093AF80 /* Sources */,
				5798FA5529870EE90093AF80 /* Frameworks */,
				5798FA5629870EE90093AF80 /* Resources */,
			);
			buildRules = (
			);
			dependencies = (
			);
			name = "Little Lemon App";
			productName = "Little Lemon App";
			productReference = 5798FA5829870EE90093AF80 /* Little Lemon App.app */;
			productType = "com.apple.product-type.application";
		};
/* End PBXNativeTarget section */

/* Begin PBXProject section */
		5798FA5029870EE90093AF80 /* Project object */ = {
			isa = PBXProject;
			attributes = {
				BuildIndependentTargetsInParallel = 1;
				LastSwiftUpdateCheck = 1420;
				LastUpgradeCheck = 1420;
				TargetAttributes = {
					5798FA5729870EE90093AF80 = {
						CreatedOnToolsVersion = 14.2;
					};
				};
			};
			buildConfigurationList = 5798FA5329870EE90093AF80 /* Build configuration list for PBXProject "Little Lemon App" */;
			compatibilityVersion = "Xcode 14.0";
			developmentRegion = en;
			hasScannedForEncodings = 0;
			knownRegions = (
				en,
				Base,
			);
			mainGroup = 5798FA4F29870EE90093AF80;
			productRefGroup = 5798FA5929870EE90093AF80 /* Products */;
			projectDirPath = "";
			projectRoot = "";
			targets = (
				5798FA5729870EE90093AF80 /* Little Lemon App */,
			);
		};
/* End PBXProject section */

/* Begin PBXResourcesBuildPhase section */
		5798FA5629870EE90093AF80 /* Resources */ = {
			isa = PBXResourcesBuildPhase;
			buildActionMask = 2147483647;
			files = (
				5798FA6329870EEB0093AF80 /* Preview Assets.xcassets in Resources */,
				5798FA6029870EEB0093AF80 /* Assets.xcassets in Resources */,
			);
			runOnlyForDeploymentPostprocessing = 0;
		};
/* End PBXResourcesBuildPhase section */

/* Begin PBXSourcesBuildPhase section */
		5798FA5429870EE90093AF80 /* Sources */ = {
			isa = PBXSourcesBuildPhase;
			buildActionMask = 2147483647;
			files = (
				5798FA6A29870F200093AF80 /* Onboarding.swift in Sources */,
				5798FA5C29870EE90093AF80 /* Little_Lemon_AppApp.swift in Sources */,
				5798FA7A2987C98E0093AF80 /* MenuList.swift in Sources */,
				5798FA732987C7B60093AF80 /* FetchedObjects.swift in Sources */,
				5798FA742987C7B60093AF80 /* Persistence.swift in Sources */,
				5798FA7F2987D7A70093AF80 /* ExampleDatabase.xcdatamodeld in Sources */,
				5774E6D8298801900016378B /* Details.swift in Sources */,
				5798FA6E29870F530093AF80 /* Home.swift in Sources */,
				5798FA7C2987C9980093AF80 /* MenuItem.swift in Sources */,
				5798FA6C29870F3B0093AF80 /* UserProfile.swift in Sources */,
				5798FA7029870F600093AF80 /* Menu.swift in Sources */,
			);
			runOnlyForDeploymentPostprocessing = 0;
		};
/* End PBXSourcesBuildPhase section */

/* Begin XCBuildConfiguration section */
		5798FA6429870EEB0093AF80 /* Debug */ = {
			isa = XCBuildConfiguration;
			buildSettings = {
				ALWAYS_SEARCH_USER_PATHS = NO;
				CLANG_ANALYZER_NONNULL = YES;
				CLANG_ANALYZER_NUMBER_OBJECT_CONVERSION = YES_AGGRESSIVE;
				CLANG_CXX_LANGUAGE_STANDARD = "gnu++20";
				CLANG_ENABLE_MODULES = YES;
				CLANG_ENABLE_OBJC_ARC = YES;
				CLANG_ENABLE_OBJC_WEAK = YES;
				CLANG_WARN_BLOCK_CAPTURE_AUTORELEASING = YES;
				CLANG_WARN_BOOL_CONVERSION = YES;
				CLANG_WARN_COMMA = YES;
				CLANG_WARN_CONSTANT_CONVERSION = YES;
				CLANG_WARN_DEPRECATED_OBJC_IMPLEMENTATIONS = YES;
				CLANG_WARN_DIRECT_OBJC_ISA_USAGE = YES_ERROR;
				CLANG_WARN_DOCUMENTATION_COMMENTS = YES;
				CLANG_WARN_EMPTY_BODY = YES;
				CLANG_WARN_ENUM_CONVERSION = YES;
				CLANG_WARN_INFINITE_RECURSION = YES;
				CLANG_WARN_INT_CONVERSION = YES;
				CLANG_WARN_NON_LITERAL_NULL_CONVERSION = YES;
				CLANG_WARN_OBJC_IMPLICIT_RETAIN_SELF = YES;
				CLANG_WARN_OBJC_LITERAL_CONVERSION = YES;
				CLANG_WARN_OBJC_ROOT_CLASS = YES_ERROR;
				CLANG_WARN_QUOTED_INCLUDE_IN_FRAMEWORK_HEADER = YES;
				CLANG_WARN_RANGE_LOOP_ANALYSIS = YES;
				CLANG_WARN_STRICT_PROTOTYPES = YES;
				CLANG_WARN_SUSPICIOUS_MOVE = YES;
				CLANG_WARN_UNGUARDED_AVAILABILITY = YES_AGGRESSIVE;
				CLANG_WARN_UNREACHABLE_CODE = YES;
				CLANG_WARN__DUPLICATE_METHOD_MATCH = YES;
				COPY_PHASE_STRIP = NO;
				DEBUG_INFORMATION_FORMAT = dwarf;
				ENABLE_STRICT_OBJC_MSGSEND = YES;
				ENABLE_TESTABILITY = YES;
				GCC_C_LANGUAGE_STANDARD = gnu11;
				GCC_DYNAMIC_NO_PIC = NO;
				GCC_NO_COMMON_BLOCKS = YES;
				GCC_OPTIMIZATION_LEVEL = 0;
				GCC_PREPROCESSOR_DEFINITIONS = (
					"DEBUG=1",
					"$(inherited)",
				);
				GCC_WARN_64_TO_32_BIT_CONVERSION = YES;
				GCC_WARN_ABOUT_RETURN_TYPE = YES_ERROR;
				GCC_WARN_UNDECLARED_SELECTOR = YES;
				GCC_WARN_UNINITIALIZED_AUTOS = YES_AGGRESSIVE;
				GCC_WARN_UNUSED_FUNCTION = YES;
				GCC_WARN_UNUSED_VARIABLE = YES;
				IPHONEOS_DEPLOYMENT_TARGET = 16.2;
				MTL_ENABLE_DEBUG_INFO = INCLUDE_SOURCE;
				MTL_FAST_MATH = YES;
				ONLY_ACTIVE_ARCH = YES;
				SDKROOT = iphoneos;
				SWIFT_ACTIVE_COMPILATION_CONDITIONS = DEBUG;
				SWIFT_OPTIMIZATION_LEVEL = "-Onone";
			};
			name = Debug;
		};
		5798FA6529870EEB0093AF80 /* Release */ = {
			isa = XCBuildConfiguration;
			buildSettings = {
				ALWAYS_SEARCH_USER_PATHS = NO;
				CLANG_ANALYZER_NONNULL = YES;
				CLANG_ANALYZER_NUMBER_OBJECT_CONVERSION = YES_AGGRESSIVE;
				CLANG_CXX_LANGUAGE_STANDARD = "gnu++20";
				CLANG_ENABLE_MODULES = YES;
				CLANG_ENABLE_OBJC_ARC = YES;
				CLANG_ENABLE_OBJC_WEAK = YES;
				CLANG_WARN_BLOCK_CAPTURE_AUTORELEASING = YES;
				CLANG_WARN_BOOL_CONVERSION = YES;
				CLANG_WARN_COMMA = YES;
				CLANG_WARN_CONSTANT_CONVERSION = YES;
				CLANG_WARN_DEPRECATED_OBJC_IMPLEMENTATIONS = YES;
				CLANG_WARN_DIRECT_OBJC_ISA_USAGE = YES_ERROR;
				CLANG_WARN_DOCUMENTATION_COMMENTS = YES;
				CLANG_WARN_EMPTY_BODY = YES;
				CLANG_WARN_ENUM_CONVERSION = YES;
				CLANG_WARN_INFINITE_RECURSION = YES;
				CLANG_WARN_INT_CONVERSION = YES;
				CLANG_WARN_NON_LITERAL_NULL_CONVERSION = YES;
				CLANG_WARN_OBJC_IMPLICIT_RETAIN_SELF = YES;
				CLANG_WARN_OBJC_LITERAL_CONVERSION = YES;
				CLANG_WARN_OBJC_ROOT_CLASS = YES_ERROR;
				CLANG_WARN_QUOTED_INCLUDE_IN_FRAMEWORK_HEADER = YES;
				CLANG_WARN_RANGE_LOOP_ANALYSIS = YES;
				CLANG_WARN_STRICT_PROTOTYPES = YES;
				CLANG_WARN_SUSPICIOUS_MOVE = YES;
				CLANG_WARN_UNGUARDED_AVAILABILITY = YES_AGGRESSIVE;
				CLANG_WARN_UNREACHABLE_CODE = YES;
				CLANG_WARN__DUPLICATE_METHOD_MATCH = YES;
				COPY_PHASE_STRIP = NO;
				DEBUG_INFORMATION_FORMAT = "dwarf-with-dsym";
				ENABLE_NS_ASSERTIONS = NO;
				ENABLE_STRICT_OBJC_MSGSEND = YES;
				GCC_C_LANGUAGE_STANDARD = gnu11;
				GCC_NO_COMMON_BLOCKS = YES;
				GCC_WARN_64_TO_32_BIT_CONVERSION = YES;
				GCC_WARN_ABOUT_RETURN_TYPE = YES_ERROR;
				GCC_WARN_UNDECLARED_SELECTOR = YES;
				GCC_WARN_UNINITIALIZED_AUTOS = YES_AGGRESSIVE;
				GCC_WARN_UNUSED_FUNCTION = YES;
				GCC_WARN_UNUSED_VARIABLE = YES;
				IPHONEOS_DEPLOYMENT_TARGET = 16.2;
				MTL_ENABLE_DEBUG_INFO = NO;
				MTL_FAST_MATH = YES;
				SDKROOT = iphoneos;
				SWIFT_COMPILATION_MODE = wholemodule;
				SWIFT_OPTIMIZATION_LEVEL = "-O";
				VALIDATE_PRODUCT = YES;
			};
			name = Release;
		};
		5798FA6729870EEB0093AF80 /* Debug */ = {
			isa = XCBuildConfiguration;
			buildSettings = {
				ASSETCATALOG_COMPILER_APPICON_NAME = AppIcon;
				ASSETCATALOG_COMPILER_GLOBAL_ACCENT_COLOR_NAME = AccentColor;
				CODE_SIGN_STYLE = Automatic;
				CURRENT_PROJECT_VERSION = 1;
				DEVELOPMENT_ASSET_PATHS = "\"Little Lemon App/Preview Content\"";
				DEVELOPMENT_TEAM = YZT8MU55TB;
				ENABLE_PREVIEWS = YES;
				GENERATE_INFOPLIST_FILE = YES;
				INFOPLIST_KEY_UIApplicationSceneManifest_Generation = YES;
				INFOPLIST_KEY_UIApplicationSupportsIndirectInputEvents = YES;
				INFOPLIST_KEY_UILaunchScreen_Generation = YES;
				INFOPLIST_KEY_UISupportedInterfaceOrientations_iPad = "UIInterfaceOrientationPortrait UIInterfaceOrientationPortraitUpsideDown UIInterfaceOrientationLandscapeLeft UIInterfaceOrientationLandscapeRight";
				INFOPLIST_KEY_UISupportedInterfaceOrientations_iPhone = "UIInterfaceOrientationPortrait UIInterfaceOrientationLandscapeLeft UIInterfaceOrientationLandscapeRight";
				LD_RUNPATH_SEARCH_PATHS = (
					"$(inherited)",
					"@executable_path/Frameworks",
				);
				MARKETING_VERSION = 1.0;
				PRODUCT_BUNDLE_IDENTIFIER = "ru.vifinance.Little-Lemon-App";
				PRODUCT_NAME = "$(TARGET_NAME)";
				SWIFT_EMIT_LOC_STRINGS = YES;
				SWIFT_VERSION = 5.0;
				TARGETED_DEVICE_FAMILY = "1,2";
			};
			name = Debug;
		};
		5798FA6829870EEB0093AF80 /* Release */ = {
			isa = XCBuildConfiguration;
			buildSettings = {
				ASSETCATALOG_COMPILER_APPICON_NAME = AppIcon;
				ASSETCATALOG_COMPILER_GLOBAL_ACCENT_COLOR_NAME = AccentColor;
				CODE_SIGN_STYLE = Automatic;
				CURRENT_PROJECT_VERSION = 1;
				DEVELOPMENT_ASSET_PATHS = "\"Little Lemon App/Preview Content\"";
				DEVELOPMENT_TEAM = YZT8MU55TB;
				ENABLE_PREVIEWS = YES;
				GENERATE_INFOPLIST_FILE = YES;
				INFOPLIST_KEY_UIApplicationSceneManifest_Generation = YES;
				INFOPLIST_KEY_UIApplicationSupportsIndirectInputEvents = YES;
				INFOPLIST_KEY_UILaunchScreen_Generation = YES;
				INFOPLIST_KEY_UISupportedInterfaceOrientations_iPad = "UIInterfaceOrientationPortrait UIInterfaceOrientationPortraitUpsideDown UIInterfaceOrientationLandscapeLeft UIInterfaceOrientationLandscapeRight";
				INFOPLIST_KEY_UISupportedInterfaceOrientations_iPhone = "UIInterfaceOrientationPortrait UIInterfaceOrientationLandscapeLeft UIInterfaceOrientationLandscapeRight";
				LD_RUNPATH_SEARCH_PATHS = (
					"$(inherited)",
					"@executable_path/Frameworks",
				);
				MARKETING_VERSION = 1.0;
				PRODUCT_BUNDLE_IDENTIFIER = "ru.vifinance.Little-Lemon-App";
				PRODUCT_NAME = "$(TARGET_NAME)";
				SWIFT_EMIT_LOC_STRINGS = YES;
				SWIFT_VERSION = 5.0;
				TARGETED_DEVICE_FAMILY = "1,2";
			};
			name = Release;
		};
/* End XCBuildConfiguration section */

/* Begin XCConfigurationList section */
		5798FA5329870EE90093AF80 /* Build configuration list for PBXProject "Little Lemon App" */ = {
			isa = XCConfigurationList;
			buildConfigurations = (
				5798FA6429870EEB0093AF80 /* Debug */,
				5798FA6529870EEB0093AF80 /* Release */,
			);
			defaultConfigurationIsVisible = 0;
			defaultConfigurationName = Release;
		};
		5798FA6629870EEB0093AF80 /* Build configuration list for PBXNativeTarget "Little Lemon App" */ = {
			isa = XCConfigurationList;
			buildConfigurations = (
				5798FA6729870EEB0093AF80 /* Debug */,
				5798FA6829870EEB0093AF80 /* Release */,
			);
			defaultConfigurationIsVisible = 0;
			defaultConfigurationName = Release;
		};
/* End XCConfigurationList section */

/* Begin XCVersionGroup section */
		5798FA7D2987D7A70093AF80 /* ExampleDatabase.xcdatamodeld */ = {
			isa = XCVersionGroup;
			children = (
				5798FA7E2987D7A70093AF80 /* ExampleDatabase.xcdatamodel */,
			);
			currentVersion = 5798FA7E2987D7A70093AF80 /* ExampleDatabase.xcdatamodel */;
			path = ExampleDatabase.xcdatamodeld;
			sourceTree = "<group>";
			versionGroupType = wrapper.xcdatamodel;
		};
/* End XCVersionGroup section */
	};
	rootObject = 5798FA5029870EE90093AF80 /* Project object */;
}
